
Microsoft Visual Studio Solution File, Format Version 12.00
# Visual Studio Version 16
VisualStudioVersion = 16.0.30804.86
MinimumVisualStudioVersion = 10.0.40219.1
Project("{9A19103F-16F7-4668-BE54-9A1E7A4F7556}") = "VmodMonkeMapLoader", "VmodMonkeMapLoader\VmodMonkeMapLoader.csproj", "{52C1F468-D32D-4F74-A469-4F58A32C7492}"
EndProject
Project("{FAE04EC0-301F-11D3-BF4B-00C04F79EFBC}") = "VmodMonkeMapLoader-Editor", "VmodMonkeMapLoader-Editor\VmodMonkeMapLoader-Editor.csproj", "{7B95FF8A-8CB7-4085-9725-F8CD88AA1110}"
EndProject
Global
	GlobalSection(SolutionConfigurationPlatforms) = preSolution
		Debug|Any CPU = Debug|Any CPU
		Release|Any CPU = Release|Any CPU
	EndGlobalSection
	GlobalSection(ProjectConfigurationPlatforms) = postSolution
		{52C1F468-D32D-4F74-A469-4F58A32C7492}.Debug|Any CPU.ActiveCfg = Debug|Any CPU
		{52C1F468-D32D-4F74-A469-4F58A32C7492}.Debug|Any CPU.Build.0 = Debug|Any CPU
		{52C1F468-D32D-4F74-A469-4F58A32C7492}.Release|Any CPU.ActiveCfg = Release|Any CPU
		{52C1F468-D32D-4F74-A469-4F58A32C7492}.Release|Any CPU.Build.0 = Release|Any CPU
		{7B95FF8A-8CB7-4085-9725-F8CD88AA1110}.Debug|Any CPU.ActiveCfg = Debug|Any CPU
		{7B95FF8A-8CB7-4085-9725-F8CD88AA1110}.Debug|Any CPU.Build.0 = Debug|Any CPU
		{7B95FF8A-8CB7-4085-9725-F8CD88AA1110}.Release|Any CPU.ActiveCfg = Release|Any CPU
		{7B95FF8A-8CB7-4085-9725-F8CD88AA1110}.Release|Any CPU.Build.0 = Release|Any CPU
	EndGlobalSection
	GlobalSection(SolutionProperties) = preSolution
		HideSolutionNode = FALSE
	EndGlobalSection
	GlobalSection(ExtensibilityGlobals) = postSolution
		SolutionGuid = {3E6B6CAC-86AC-4F84-B419-DD875D4C9488}
	EndGlobalSection
EndGlobal
